
Microsoft Visual Studio Solution File, Format Version 12.00
# Visual Studio Version 17
VisualStudioVersion = 17.8.34330.188
MinimumVisualStudioVersion = 10.0.40219.1
Project("{9A19103F-16F7-4668-BE54-9A1E7A4F7556}") = "StcTestRouter", "StcTestRouter\StcTestRouter.csproj", "{CDD26CB6-3878-4112-999A-B7CE6B7DBD84}"
EndProject
Project("{FAE04EC0-301F-11D3-BF4B-00C04F79EFBC}") = "StcRouterTests", "StcRouterTests\StcRouterTests.csproj", "{233AE999-28B3-4A0B-9F26-3F3DF67356D8}"
	ProjectSection(ProjectDependencies) = postProject
		{CDD26CB6-3878-4112-999A-B7CE6B7DBD84} = {CDD26CB6-3878-4112-999A-B7CE6B7DBD84}
	EndProjectSection
EndProject
Global
	GlobalSection(SolutionConfigurationPlatforms) = preSolution
		Debug|Any CPU = Debug|Any CPU
		Release|Any CPU = Release|Any CPU
	EndGlobalSection
	GlobalSection(ProjectConfigurationPlatforms) = postSolution
		{CDD26CB6-3878-4112-999A-B7CE6B7DBD84}.Debug|Any CPU.ActiveCfg = Debug|Any CPU
		{CDD26CB6-3878-4112-999A-B7CE6B7DBD84}.Debug|Any CPU.Build.0 = Debug|Any CPU
		{CDD26CB6-3878-4112-999A-B7CE6B7DBD84}.Release|Any CPU.ActiveCfg = Release|Any CPU
		{CDD26CB6-3878-4112-999A-B7CE6B7DBD84}.Release|Any CPU.Build.0 = Release|Any CPU
		{233AE999-28B3-4A0B-9F26-3F3DF67356D8}.Debug|Any CPU.ActiveCfg = Debug|Any CPU
		{233AE999-28B3-4A0B-9F26-3F3DF67356D8}.Debug|Any CPU.Build.0 = Debug|Any CPU
		{233AE999-28B3-4A0B-9F26-3F3DF67356D8}.Release|Any CPU.ActiveCfg = Release|Any CPU
		{233AE999-28B3-4A0B-9F26-3F3DF67356D8}.Release|Any CPU.Build.0 = Release|Any CPU
	EndGlobalSection
	GlobalSection(SolutionProperties) = preSolution
		HideSolutionNode = FALSE
	EndGlobalSection
	GlobalSection(ExtensibilityGlobals) = postSolution
		SolutionGuid = {2FCEDF97-59DE-4DE8-ABE5-AD323C5A7186}
	EndGlobalSection
EndGlobal
